
Microsoft Visual Studio Solution File, Format Version 12.00
# Visual Studio Version 16
VisualStudioVersion = 16.0.30804.86
MinimumVisualStudioVersion = 10.0.40219.1
Project("{FAE04EC0-301F-11D3-BF4B-00C04F79EFBC}") = "ProjectDictionary", "ProjectDictionary\ProjectDictionary.csproj", "{C1B9DFD6-214C-4291-B492-E23D0AD601DF}"
EndProject
Global
	GlobalSection(SolutionConfigurationPlatforms) = preSolution
		Debug|Any CPU = Debug|Any CPU
		Release|Any CPU = Release|Any CPU
	EndGlobalSection
	GlobalSection(ProjectConfigurationPlatforms) = postSolution
		{C1B9DFD6-214C-4291-B492-E23D0AD601DF}.Debug|Any CPU.ActiveCfg = Debug|Any CPU
		{C1B9DFD6-214C-4291-B492-E23D0AD601DF}.Debug|Any CPU.Build.0 = Debug|Any CPU
		{C1B9DFD6-214C-4291-B492-E23D0AD601DF}.Release|Any CPU.ActiveCfg = Release|Any CPU
		{C1B9DFD6-214C-4291-B492-E23D0AD601DF}.Release|Any CPU.Build.0 = Release|Any CPU
	EndGlobalSection
	GlobalSection(SolutionProperties) = preSolution
		HideSolutionNode = FALSE
	EndGlobalSection
	GlobalSection(ExtensibilityGlobals) = postSolution
		SolutionGuid = {E4CDFCBC-2C5C-43E9-BE7D-84D6C75245E6}
	EndGlobalSection
EndGlobal
